
Microsoft Visual Studio Solution File, Format Version 12.00
# Visual Studio Version 16
VisualStudioVersion = 16.0.34601.136
MinimumVisualStudioVersion = 10.0.40219.1
Project("{FAE04EC0-301F-11D3-BF4B-00C04F79EFBC}") = "MVCEntityAPI", "MVCEntityAPI\MVCEntityAPI.csproj", "{83489897-578A-4240-81DC-6589588D26D4}"
EndProject
Global
	GlobalSection(SolutionConfigurationPlatforms) = preSolution
		Debug|Any CPU = Debug|Any CPU
		Release|Any CPU = Release|Any CPU
	EndGlobalSection
	GlobalSection(ProjectConfigurationPlatforms) = postSolution
		{83489897-578A-4240-81DC-6589588D26D4}.Debug|Any CPU.ActiveCfg = Debug|Any CPU
		{83489897-578A-4240-81DC-6589588D26D4}.Debug|Any CPU.Build.0 = Debug|Any CPU
		{83489897-578A-4240-81DC-6589588D26D4}.Release|Any CPU.ActiveCfg = Release|Any CPU
		{83489897-578A-4240-81DC-6589588D26D4}.Release|Any CPU.Build.0 = Release|Any CPU
	EndGlobalSection
	GlobalSection(SolutionProperties) = preSolution
		HideSolutionNode = FALSE
	EndGlobalSection
	GlobalSection(ExtensibilityGlobals) = postSolution
		SolutionGuid = {C1A1DF96-0CF4-44A5-9241-C6BD3D735A74}
	EndGlobalSection
EndGlobal
